
Microsoft Visual Studio Solution File, Format Version 12.00
# Visual Studio Version 17
VisualStudioVersion = 17.14.36616.10
MinimumVisualStudioVersion = 10.0.40219.1
Project("{FAE04EC0-301F-11D3-BF4B-00C04F79EFBC}") = "FileOperation", "FileOperation\FileOperation.csproj", "{96736B20-DE63-4685-A33D-805D5D8630C2}"
EndProject
Project("{FAE04EC0-301F-11D3-BF4B-00C04F79EFBC}") = "Interfaces", "Interfaces\Interfaces.csproj", "{54FC86EC-D50C-429B-9EA6-7521B9115EDC}"
EndProject
Project("{2150E333-8FDC-42A3-9474-1A3956D46DE8}") = "Filters", "Filters", "{15D5224D-F095-4BCD-9BCB-33FF1F3BADB9}"
EndProject
Project("{2150E333-8FDC-42A3-9474-1A3956D46DE8}") = "Operators", "Operators", "{447878C8-2CC5-4665-8F7D-9DEAE04DE296}"
EndProject
Project("{FAE04EC0-301F-11D3-BF4B-00C04F79EFBC}") = "BulkRename", "Operators\BulkRename\BulkRename.csproj", "{C511EC54-B039-4CD7-937C-30AA9A38E606}"
EndProject
Project("{FAE04EC0-301F-11D3-BF4B-00C04F79EFBC}") = "CopyTo", "Operators\CopyTo\CopyTo.csproj", "{00550B36-7BFB-478E-8A38-0A0A155F0518}"
EndProject
Project("{FAE04EC0-301F-11D3-BF4B-00C04F79EFBC}") = "MoveTo", "Operators\MoveTo\MoveTo.csproj", "{0AEDF23F-5683-403E-8AC0-24282A125C57}"
EndProject
Project("{FAE04EC0-301F-11D3-BF4B-00C04F79EFBC}") = "ShowInExplorer", "Operators\ShowInExplorer\ShowInExplorer.csproj", "{7CFCBF18-84D2-441D-B9CC-4B90D955BB28}"
EndProject
Project("{FAE04EC0-301F-11D3-BF4B-00C04F79EFBC}") = "TagFilter", "Filters\TagFilter\TagFilter.csproj", "{4D507A16-2E62-40B6-8548-0ECFE7E00AC7}"
EndProject
Global
	GlobalSection(SolutionConfigurationPlatforms) = preSolution
		Debug|Any CPU = Debug|Any CPU
		Debug|x64 = Debug|x64
		Release|Any CPU = Release|Any CPU
		Release|x64 = Release|x64
	EndGlobalSection
	GlobalSection(ProjectConfigurationPlatforms) = postSolution
		{96736B20-DE63-4685-A33D-805D5D8630C2}.Debug|Any CPU.ActiveCfg = Debug|Any CPU
		{96736B20-DE63-4685-A33D-805D5D8630C2}.Debug|Any CPU.Build.0 = Debug|Any CPU
		{96736B20-DE63-4685-A33D-805D5D8630C2}.Debug|x64.ActiveCfg = Debug|Any CPU
		{96736B20-DE63-4685-A33D-805D5D8630C2}.Debug|x64.Build.0 = Debug|Any CPU
		{96736B20-DE63-4685-A33D-805D5D8630C2}.Release|Any CPU.ActiveCfg = Release|Any CPU
		{96736B20-DE63-4685-A33D-805D5D8630C2}.Release|Any CPU.Build.0 = Release|Any CPU
		{96736B20-DE63-4685-A33D-805D5D8630C2}.Release|x64.ActiveCfg = Release|Any CPU
		{96736B20-DE63-4685-A33D-805D5D8630C2}.Release|x64.Build.0 = Release|Any CPU
		{54FC86EC-D50C-429B-9EA6-7521B9115EDC}.Debug|Any CPU.ActiveCfg = Debug|Any CPU
		{54FC86EC-D50C-429B-9EA6-7521B9115EDC}.Debug|Any CPU.Build.0 = Debug|Any CPU
		{54FC86EC-D50C-429B-9EA6-7521B9115EDC}.Debug|x64.ActiveCfg = Debug|Any CPU
		{54FC86EC-D50C-429B-9EA6-7521B9115EDC}.Debug|x64.Build.0 = Debug|Any CPU
		{54FC86EC-D50C-429B-9EA6-7521B9115EDC}.Release|Any CPU.ActiveCfg = Release|Any CPU
		{54FC86EC-D50C-429B-9EA6-7521B9115EDC}.Release|Any CPU.Build.0 = Release|Any CPU
		{54FC86EC-D50C-429B-9EA6-7521B9115EDC}.Release|x64.ActiveCfg = Release|Any CPU
		{54FC86EC-D50C-429B-9EA6-7521B9115EDC}.Release|x64.Build.0 = Release|Any CPU
		{C511EC54-B039-4CD7-937C-30AA9A38E606}.Debug|Any CPU.ActiveCfg = Debug|Any CPU
		{C511EC54-B039-4CD7-937C-30AA9A38E606}.Debug|Any CPU.Build.0 = Debug|Any CPU
		{C511EC54-B039-4CD7-937C-30AA9A38E606}.Debug|x64.ActiveCfg = Debug|Any CPU
		{C511EC54-B039-4CD7-937C-30AA9A38E606}.Debug|x64.Build.0 = Debug|Any CPU
		{C511EC54-B039-4CD7-937C-30AA9A38E606}.Release|Any CPU.ActiveCfg = Release|Any CPU
		{C511EC54-B039-4CD7-937C-30AA9A38E606}.Release|Any CPU.Build.0 = Release|Any CPU
		{C511EC54-B039-4CD7-937C-30AA9A38E606}.Release|x64.ActiveCfg = Release|Any CPU
		{C511EC54-B039-4CD7-937C-30AA9A38E606}.Release|x64.Build.0 = Release|Any CPU
		{00550B36-7BFB-478E-8A38-0A0A155F0518}.Debug|Any CPU.ActiveCfg = Debug|Any CPU
		{00550B36-7BFB-478E-8A38-0A0A155F0518}.Debug|Any CPU.Build.0 = Debug|Any CPU
		{00550B36-7BFB-478E-8A38-0A0A155F0518}.Debug|x64.ActiveCfg = Debug|Any CPU
		{00550B36-7BFB-478E-8A38-0A0A155F0518}.Debug|x64.Build.0 = Debug|Any CPU
		{00550B36-7BFB-478E-8A38-0A0A155F0518}.Release|Any CPU.ActiveCfg = Release|Any CPU
		{00550B36-7BFB-478E-8A38-0A0A155F0518}.Release|Any CPU.Build.0 = Release|Any CPU
		{00550B36-7BFB-478E-8A38-0A0A155F0518}.Release|x64.ActiveCfg = Release|Any CPU
		{00550B36-7BFB-478E-8A38-0A0A155F0518}.Release|x64.Build.0 = Release|Any CPU
		{0AEDF23F-5683-403E-8AC0-24282A125C57}.Debug|Any CPU.ActiveCfg = Debug|Any CPU
		{0AEDF23F-5683-403E-8AC0-24282A125C57}.Debug|Any CPU.Build.0 = Debug|Any CPU
		{0AEDF23F-5683-403E-8AC0-24282A125C57}.Debug|x64.ActiveCfg = Debug|Any CPU
		{0AEDF23F-5683-403E-8AC0-24282A125C57}.Debug|x64.Build.0 = Debug|Any CPU
		{0AEDF23F-5683-403E-8AC0-24282A125C57}.Release|Any CPU.ActiveCfg = Release|Any CPU
		{0AEDF23F-5683-403E-8AC0-24282A125C57}.Release|Any CPU.Build.0 = Release|Any CPU
		{0AEDF23F-5683-403E-8AC0-24282A125C57}.Release|x64.ActiveCfg = Release|Any CPU
		{0AEDF23F-5683-403E-8AC0-24282A125C57}.Release|x64.Build.0 = Release|Any CPU
		{7CFCBF18-84D2-441D-B9CC-4B90D955BB28}.Debug|Any CPU.ActiveCfg = Debug|Any CPU
		{7CFCBF18-84D2-441D-B9CC-4B90D955BB28}.Debug|Any CPU.Build.0 = Debug|Any CPU
		{7CFCBF18-84D2-441D-B9CC-4B90D955BB28}.Debug|x64.ActiveCfg = Debug|Any CPU
		{7CFCBF18-84D2-441D-B9CC-4B90D955BB28}.Debug|x64.Build.0 = Debug|Any CPU
		{7CFCBF18-84D2-441D-B9CC-4B90D955BB28}.Release|Any CPU.ActiveCfg = Release|Any CPU
		{7CFCBF18-84D2-441D-B9CC-4B90D955BB28}.Release|Any CPU.Build.0 = Release|Any CPU
		{7CFCBF18-84D2-441D-B9CC-4B90D955BB28}.Release|x64.ActiveCfg = Release|Any CPU
		{7CFCBF18-84D2-441D-B9CC-4B90D955BB28}.Release|x64.Build.0 = Release|Any CPU
		{4D507A16-2E62-40B6-8548-0ECFE7E00AC7}.Debug|Any CPU.ActiveCfg = Debug|Any CPU
		{4D507A16-2E62-40B6-8548-0ECFE7E00AC7}.Debug|Any CPU.Build.0 = Debug|Any CPU
		{4D507A16-2E62-40B6-8548-0ECFE7E00AC7}.Debug|x64.ActiveCfg = Debug|Any CPU
		{4D507A16-2E62-40B6-8548-0ECFE7E00AC7}.Debug|x64.Build.0 = Debug|Any CPU
		{4D507A16-2E62-40B6-8548-0ECFE7E00AC7}.Release|Any CPU.ActiveCfg = Release|Any CPU
		{4D507A16-2E62-40B6-8548-0ECFE7E00AC7}.Release|Any CPU.Build.0 = Release|Any CPU
		{4D507A16-2E62-40B6-8548-0ECFE7E00AC7}.Release|x64.ActiveCfg = Release|Any CPU
		{4D507A16-2E62-40B6-8548-0ECFE7E00AC7}.Release|x64.Build.0 = Release|Any CPU
	EndGlobalSection
	GlobalSection(SolutionProperties) = preSolution
		HideSolutionNode = FALSE
	EndGlobalSection
	GlobalSection(NestedProjects) = preSolution
		{54FC86EC-D50C-429B-9EA6-7521B9115EDC} = {447878C8-2CC5-4665-8F7D-9DEAE04DE296}
		{C511EC54-B039-4CD7-937C-30AA9A38E606} = {447878C8-2CC5-4665-8F7D-9DEAE04DE296}
		{00550B36-7BFB-478E-8A38-0A0A155F0518} = {447878C8-2CC5-4665-8F7D-9DEAE04DE296}
		{0AEDF23F-5683-403E-8AC0-24282A125C57} = {447878C8-2CC5-4665-8F7D-9DEAE04DE296}
		{7CFCBF18-84D2-441D-B9CC-4B90D955BB28} = {447878C8-2CC5-4665-8F7D-9DEAE04DE296}
		{4D507A16-2E62-40B6-8548-0ECFE7E00AC7} = {15D5224D-F095-4BCD-9BCB-33FF1F3BADB9}
	EndGlobalSection
	GlobalSection(ExtensibilityGlobals) = postSolution
		SolutionGuid = {D1CBC573-931B-43CB-AD7B-F1B396C53E39}
	EndGlobalSection
EndGlobal
